
Microsoft Visual Studio Solution File, Format Version 12.00
# Visual Studio Version 16
VisualStudioVersion = 25.0.1704.5
MinimumVisualStudioVersion = 10.0.40219.1
Project("{FAE04EC0-301F-11D3-BF4B-00C04F79EFBC}") = "hello-world -dotnet", "hello-world -dotnet.csproj", "{9DD42AEE-B7CB-4B95-95BA-FCB57B2E8827}"
EndProject
Global
	GlobalSection(SolutionConfigurationPlatforms) = preSolution
		Debug|Any CPU = Debug|Any CPU
		Release|Any CPU = Release|Any CPU
	EndGlobalSection
	GlobalSection(ProjectConfigurationPlatforms) = postSolution
		{9DD42AEE-B7CB-4B95-95BA-FCB57B2E8827}.Debug|Any CPU.ActiveCfg = Debug|Any CPU
		{9DD42AEE-B7CB-4B95-95BA-FCB57B2E8827}.Debug|Any CPU.Build.0 = Debug|Any CPU
		{9DD42AEE-B7CB-4B95-95BA-FCB57B2E8827}.Release|Any CPU.ActiveCfg = Release|Any CPU
		{9DD42AEE-B7CB-4B95-95BA-FCB57B2E8827}.Release|Any CPU.Build.0 = Release|Any CPU
	EndGlobalSection
	GlobalSection(SolutionProperties) = preSolution
		HideSolutionNode = FALSE
	EndGlobalSection
	GlobalSection(ExtensibilityGlobals) = postSolution
		SolutionGuid = {799E47C9-3846-4825-9FF9-A76743910370}
	EndGlobalSection
EndGlobal
